// !$*UTF8*$!
{
	archiveVersion = 1;
	classes = {
	};
	objectVersion = 48;
	objects = {

/* Begin PBXBuildFile section */
		38CACB3A57AA839134CA1F03 /* Pods_AndChat.framework in Frameworks */ = {isa = PBXBuildFile; fileRef = 0B9F6010BB5B6F37D8288071 /* Pods_AndChat.framework */; };
		4B06E7FC1FD5F85600788612 /* RoundTextField.swift in Sources */ = {isa = PBXBuildFile; fileRef = 4B06E7FB1FD5F85600788612 /* RoundTextField.swift */; };
		4B06E7FE1FD8A07D00788612 /* RoundedButton.swift in Sources */ = {isa = PBXBuildFile; fileRef = 4B06E7FD1FD8A07D00788612 /* RoundedButton.swift */; };
		4B06E8001FD8A6DE00788612 /* LoginVC.swift in Sources */ = {isa = PBXBuildFile; fileRef = 4B06E7FF1FD8A6DE00788612 /* LoginVC.swift */; };
		4B4B73171FD441F50003F064 /* AppDelegate.swift in Sources */ = {isa = PBXBuildFile; fileRef = 4B4B73161FD441F50003F064 /* AppDelegate.swift */; };
		4B4B73191FD441F50003F064 /* CameraVC.swift in Sources */ = {isa = PBXBuildFile; fileRef = 4B4B73181FD441F50003F064 /* CameraVC.swift */; };
		4B4B731C1FD441F50003F064 /* Main.storyboard in Resources */ = {isa = PBXBuildFile; fileRef = 4B4B731A1FD441F50003F064 /* Main.storyboard */; };
		4B4B731E1FD441F50003F064 /* Assets.xcassets in Resources */ = {isa = PBXBuildFile; fileRef = 4B4B731D1FD441F50003F064 /* Assets.xcassets */; };
		4B4B73211FD441F50003F064 /* LaunchScreen.storyboard in Resources */ = {isa = PBXBuildFile; fileRef = 4B4B731F1FD441F50003F064 /* LaunchScreen.storyboard */; };
		4B4B732C1FD441F50003F064 /* AndChatTests.swift in Sources */ = {isa = PBXBuildFile; fileRef = 4B4B732B1FD441F50003F064 /* AndChatTests.swift */; };
		4B4B73381FD442380003F064 /* PreviewView.swift in Sources */ = {isa = PBXBuildFile; fileRef = 4B4B73361FD442370003F064 /* PreviewView.swift */; };
		4B4B73391FD442380003F064 /* CameraViewController.swift in Sources */ = {isa = PBXBuildFile; fileRef = 4B4B73371FD442370003F064 /* CameraViewController.swift */; };
		4B4B733D1FD44F240003F064 /* PhotoCaptureDelegate.swift in Sources */ = {isa = PBXBuildFile; fileRef = 4B4B733C1FD44F240003F064 /* PhotoCaptureDelegate.swift */; };
		4B4B73401FD45AE30003F064 /* CameraVCDelegate.swift in Sources */ = {isa = PBXBuildFile; fileRef = 4B4B733F1FD45AE30003F064 /* CameraVCDelegate.swift */; };
		4B4B73421FD4AFA10003F064 /* GoogleService-Info.plist in Resources */ = {isa = PBXBuildFile; fileRef = 4B4B73411FD4AFA00003F064 /* GoogleService-Info.plist */; };
		4B831DE81FDC8A300062269D /* DataService.swift in Sources */ = {isa = PBXBuildFile; fileRef = 4B831DE71FDC8A300062269D /* DataService.swift */; };
		4B831DEA1FDC8EEE0062269D /* UsersVC.swift in Sources */ = {isa = PBXBuildFile; fileRef = 4B831DE91FDC8EEE0062269D /* UsersVC.swift */; };
		4B831DEC1FDC8FDA0062269D /* UserCell.swift in Sources */ = {isa = PBXBuildFile; fileRef = 4B831DEB1FDC8FDA0062269D /* UserCell.swift */; };
		4B831DEE1FDC99D20062269D /* User.swift in Sources */ = {isa = PBXBuildFile; fileRef = 4B831DED1FDC99D20062269D /* User.swift */; };
		4BDA322D1FDC332F007D8974 /* AuthService.swift in Sources */ = {isa = PBXBuildFile; fileRef = 4BDA322C1FDC332F007D8974 /* AuthService.swift */; };
		FB69A8EFD990F07354B5D21C /* Pods_AndChatTests.framework in Frameworks */ = {isa = PBXBuildFile; fileRef = 408051ECC5DDE56E69087E7C /* Pods_AndChatTests.framework */; };
/* End PBXBuildFile section */

/* Begin PBXContainerItemProxy section */
		4B4B73281FD441F50003F064 /* PBXContainerItemProxy */ = {
			isa = PBXContainerItemProxy;
			containerPortal = 4B4B730B1FD441F50003F064 /* Project object */;
			proxyType = 1;
			remoteGlobalIDString = 4B4B73121FD441F50003F064;
			remoteInfo = AndChat;
		};
/* End PBXContainerItemProxy section */

/* Begin PBXFileReference section */
		0B9F6010BB5B6F37D8288071 /* Pods_AndChat.framework */ = {isa = PBXFileReference; explicitFileType = wrapper.framework; includeInIndex = 0; path = Pods_AndChat.framework; sourceTree = BUILT_PRODUCTS_DIR; };
		1A9DB9D304DB8A709E9DC9B1 /* Pods-AndChatTests.release.xcconfig */ = {isa = PBXFileReference; includeInIndex = 1; lastKnownFileType = text.xcconfig; name = "Pods-AndChatTests.release.xcconfig"; path = "Pods/Target Support Files/Pods-AndChatTests/Pods-AndChatTests.release.xcconfig"; sourceTree = "<group>"; };
		408051ECC5DDE56E69087E7C /* Pods_AndChatTests.framework */ = {isa = PBXFileReference; explicitFileType = wrapper.framework; includeInIndex = 0; path = Pods_AndChatTests.framework; sourceTree = BUILT_PRODUCTS_DIR; };
		4B06E7FB1FD5F85600788612 /* RoundTextField.swift */ = {isa = PBXFileReference; lastKnownFileType = sourcecode.swift; path = RoundTextField.swift; sourceTree = "<group>"; };
		4B06E7FD1FD8A07D00788612 /* RoundedButton.swift */ = {isa = PBXFileReference; lastKnownFileType = sourcecode.swift; path = RoundedButton.swift; sourceTree = "<group>"; };
		4B06E7FF1FD8A6DE00788612 /* LoginVC.swift */ = {isa = PBXFileReference; lastKnownFileType = sourcecode.swift; path = LoginVC.swift; sourceTree = "<group>"; };
		4B4B73131FD441F50003F064 /* AndChat.app */ = {isa = PBXFileReference; explicitFileType = wrapper.application; includeInIndex = 0; path = AndChat.app; sourceTree = BUILT_PRODUCTS_DIR; };
		4B4B73161FD441F50003F064 /* AppDelegate.swift */ = {isa = PBXFileReference; lastKnownFileType = sourcecode.swift; path = AppDelegate.swift; sourceTree = "<group>"; };
		4B4B73181FD441F50003F064 /* CameraVC.swift */ = {isa = PBXFileReference; lastKnownFileType = sourcecode.swift; path = CameraVC.swift; sourceTree = "<group>"; };
		4B4B731B1FD441F50003F064 /* Base */ = {isa = PBXFileReference; lastKnownFileType = file.storyboard; name = Base; path = Base.lproj/Main.storyboard; sourceTree = "<group>"; };
		4B4B731D1FD441F50003F064 /* Assets.xcassets */ = {isa = PBXFileReference; lastKnownFileType = folder.assetcatalog; path = Assets.xcassets; sourceTree = "<group>"; };
		4B4B73201FD441F50003F064 /* Base */ = {isa = PBXFileReference; lastKnownFileType = file.storyboard; name = Base; path = Base.lproj/LaunchScreen.storyboard; sourceTree = "<group>"; };
		4B4B73221FD441F50003F064 /* Info.plist */ = {isa = PBXFileReference; lastKnownFileType = text.plist.xml; path = Info.plist; sourceTree = "<group>"; };
		4B4B73271FD441F50003F064 /* AndChatTests.xctest */ = {isa = PBXFileReference; explicitFileType = wrapper.cfbundle; includeInIndex = 0; path = AndChatTests.xctest; sourceTree = BUILT_PRODUCTS_DIR; };
		4B4B732B1FD441F50003F064 /* AndChatTests.swift */ = {isa = PBXFileReference; lastKnownFileType = sourcecode.swift; path = AndChatTests.swift; sourceTree = "<group>"; };
		4B4B732D1FD441F50003F064 /* Info.plist */ = {isa = PBXFileReference; lastKnownFileType = text.plist.xml; path = Info.plist; sourceTree = "<group>"; };
		4B4B73361FD442370003F064 /* PreviewView.swift */ = {isa = PBXFileReference; fileEncoding = 4; lastKnownFileType = sourcecode.swift; path = PreviewView.swift; sourceTree = "<group>"; };
		4B4B73371FD442370003F064 /* CameraViewController.swift */ = {isa = PBXFileReference; fileEncoding = 4; lastKnownFileType = sourcecode.swift; path = CameraViewController.swift; sourceTree = "<group>"; };
		4B4B733C1FD44F240003F064 /* PhotoCaptureDelegate.swift */ = {isa = PBXFileReference; fileEncoding = 4; lastKnownFileType = sourcecode.swift; path = PhotoCaptureDelegate.swift; sourceTree = "<group>"; };
		4B4B733F1FD45AE30003F064 /* CameraVCDelegate.swift */ = {isa = PBXFileReference; lastKnownFileType = sourcecode.swift; path = CameraVCDelegate.swift; sourceTree = "<group>"; };
		4B4B73411FD4AFA00003F064 /* GoogleService-Info.plist */ = {isa = PBXFileReference; fileEncoding = 4; lastKnownFileType = text.plist.xml; path = "GoogleService-Info.plist"; sourceTree = "<group>"; };
		4B831DE71FDC8A300062269D /* DataService.swift */ = {isa = PBXFileReference; lastKnownFileType = sourcecode.swift; path = DataService.swift; sourceTree = "<group>"; };
		4B831DE91FDC8EEE0062269D /* UsersVC.swift */ = {isa = PBXFileReference; lastKnownFileType = sourcecode.swift; path = UsersVC.swift; sourceTree = "<group>"; };
		4B831DEB1FDC8FDA0062269D /* UserCell.swift */ = {isa = PBXFileReference; lastKnownFileType = sourcecode.swift; path = UserCell.swift; sourceTree = "<group>"; };
		4B831DED1FDC99D20062269D /* User.swift */ = {isa = PBXFileReference; lastKnownFileType = sourcecode.swift; path = User.swift; sourceTree = "<group>"; };
		4BDA322C1FDC332F007D8974 /* AuthService.swift */ = {isa = PBXFileReference; lastKnownFileType = sourcecode.swift; path = AuthService.swift; sourceTree = "<group>"; };
		508C81E9423FBF67F6D70B8E /* Pods-AndChatTests.debug.xcconfig */ = {isa = PBXFileReference; includeInIndex = 1; lastKnownFileType = text.xcconfig; name = "Pods-AndChatTests.debug.xcconfig"; path = "Pods/Target Support Files/Pods-AndChatTests/Pods-AndChatTests.debug.xcconfig"; sourceTree = "<group>"; };
		694534C49AC770D27DEF3B48 /* Pods-AndChat.debug.xcconfig */ = {isa = PBXFileReference; includeInIndex = 1; lastKnownFileType = text.xcconfig; name = "Pods-AndChat.debug.xcconfig"; path = "Pods/Target Support Files/Pods-AndChat/Pods-AndChat.debug.xcconfig"; sourceTree = "<group>"; };
		D8AF242C4CCE5A8F0D95AEFA /* Pods-AndChat.release.xcconfig */ = {isa = PBXFileReference; includeInIndex = 1; lastKnownFileType = text.xcconfig; name = "Pods-AndChat.release.xcconfig"; path = "Pods/Target Support Files/Pods-AndChat/Pods-AndChat.release.xcconfig"; sourceTree = "<group>"; };
/* End PBXFileReference section */

/* Begin PBXFrameworksBuildPhase section */
		4B4B73101FD441F50003F064 /* Frameworks */ = {
			isa = PBXFrameworksBuildPhase;
			buildActionMask = 2147483647;
			files = (
				38CACB3A57AA839134CA1F03 /* Pods_AndChat.framework in Frameworks */,
			);
			runOnlyForDeploymentPostprocessing = 0;
		};
		4B4B73241FD441F50003F064 /* Frameworks */ = {
			isa = PBXFrameworksBuildPhase;
			buildActionMask = 2147483647;
			files = (
				FB69A8EFD990F07354B5D21C /* Pods_AndChatTests.framework in Frameworks */,
			);
			runOnlyForDeploymentPostprocessing = 0;
		};
/* End PBXFrameworksBuildPhase section */

/* Begin PBXGroup section */
		3C7E32F0FAE49042A263D4EE /* Frameworks */ = {
			isa = PBXGroup;
			children = (
				0B9F6010BB5B6F37D8288071 /* Pods_AndChat.framework */,
				408051ECC5DDE56E69087E7C /* Pods_AndChatTests.framework */,
			);
			name = Frameworks;
			sourceTree = "<group>";
		};
		4B4B730A1FD441F50003F064 = {
			isa = PBXGroup;
			children = (
				4B4B73151FD441F50003F064 /* AndChat */,
				4B4B732A1FD441F50003F064 /* AndChatTests */,
				4B4B73141FD441F50003F064 /* Products */,
				68367B6CCD07A8EAED65AB95 /* Pods */,
				3C7E32F0FAE49042A263D4EE /* Frameworks */,
			);
			sourceTree = "<group>";
		};
		4B4B73141FD441F50003F064 /* Products */ = {
			isa = PBXGroup;
			children = (
				4B4B73131FD441F50003F064 /* AndChat.app */,
				4B4B73271FD441F50003F064 /* AndChatTests.xctest */,
			);
			name = Products;
			sourceTree = "<group>";
		};
		4B4B73151FD441F50003F064 /* AndChat */ = {
			isa = PBXGroup;
			children = (
				4BDA322B1FDC32D5007D8974 /* Services */,
				4B4B733E1FD45A9E0003F064 /* Protocol */,
				4B4B733B1FD442430003F064 /* View */,
				4B4B733A1FD4423B0003F064 /* Controller */,
				4B4B73161FD441F50003F064 /* AppDelegate.swift */,
				4B4B731A1FD441F50003F064 /* Main.storyboard */,
				4B4B731D1FD441F50003F064 /* Assets.xcassets */,
				4B4B733C1FD44F240003F064 /* PhotoCaptureDelegate.swift */,
				4B4B731F1FD441F50003F064 /* LaunchScreen.storyboard */,
				4B4B73221FD441F50003F064 /* Info.plist */,
				4B4B73411FD4AFA00003F064 /* GoogleService-Info.plist */,
				4B831DED1FDC99D20062269D /* User.swift */,
			);
			path = AndChat;
			sourceTree = "<group>";
		};
		4B4B732A1FD441F50003F064 /* AndChatTests */ = {
			isa = PBXGroup;
			children = (
				4B4B732B1FD441F50003F064 /* AndChatTests.swift */,
				4B4B732D1FD441F50003F064 /* Info.plist */,
			);
			path = AndChatTests;
			sourceTree = "<group>";
		};
		4B4B733A1FD4423B0003F064 /* Controller */ = {
			isa = PBXGroup;
			children = (
				4B4B73371FD442370003F064 /* CameraViewController.swift */,
				4B4B73181FD441F50003F064 /* CameraVC.swift */,
				4B06E7FF1FD8A6DE00788612 /* LoginVC.swift */,
				4B831DE91FDC8EEE0062269D /* UsersVC.swift */,
			);
			path = Controller;
			sourceTree = "<group>";
		};
		4B4B733B1FD442430003F064 /* View */ = {
			isa = PBXGroup;
			children = (
				4B4B73361FD442370003F064 /* PreviewView.swift */,
				4B06E7FB1FD5F85600788612 /* RoundTextField.swift */,
				4B06E7FD1FD8A07D00788612 /* RoundedButton.swift */,
				4B831DEB1FDC8FDA0062269D /* UserCell.swift */,
			);
			path = View;
			sourceTree = "<group>";
		};
		4B4B733E1FD45A9E0003F064 /* Protocol */ = {
			isa = PBXGroup;
			children = (
				4B4B733F1FD45AE30003F064 /* CameraVCDelegate.swift */,
			);
			path = Protocol;
			sourceTree = "<group>";
		};
		4BDA322B1FDC32D5007D8974 /* Services */ = {
			isa = PBXGroup;
			children = (
				4BDA322C1FDC332F007D8974 /* AuthService.swift */,
				4B831DE71FDC8A300062269D /* DataService.swift */,
			);
			path = Services;
			sourceTree = "<group>";
		};
		68367B6CCD07A8EAED65AB95 /* Pods */ = {
			isa = PBXGroup;
			children = (
				694534C49AC770D27DEF3B48 /* Pods-AndChat.debug.xcconfig */,
				D8AF242C4CCE5A8F0D95AEFA /* Pods-AndChat.release.xcconfig */,
				508C81E9423FBF67F6D70B8E /* Pods-AndChatTests.debug.xcconfig */,
				1A9DB9D304DB8A709E9DC9B1 /* Pods-AndChatTests.release.xcconfig */,
			);
			name = Pods;
			sourceTree = "<group>";
		};
/* End PBXGroup section */

/* Begin PBXNativeTarget section */
		4B4B73121FD441F50003F064 /* AndChat */ = {
			isa = PBXNativeTarget;
			buildConfigurationList = 4B4B73301FD441F50003F064 /* Build configuration list for PBXNativeTarget "AndChat" */;
			buildPhases = (
				2F34EE925A8683D071824A1E /* [CP] Check Pods Manifest.lock */,
				4B4B730F1FD441F50003F064 /* Sources */,
				4B4B73101FD441F50003F064 /* Frameworks */,
				4B4B73111FD441F50003F064 /* Resources */,
				9B20856F0B6C0A3929EAAC53 /* [CP] Embed Pods Frameworks */,
				535689D3F0FA76EED8850103 /* [CP] Copy Pods Resources */,
			);
			buildRules = (
			);
			dependencies = (
			);
			name = AndChat;
			productName = AndChat;
			productReference = 4B4B73131FD441F50003F064 /* AndChat.app */;
			productType = "com.apple.product-type.application";
		};
		4B4B73261FD441F50003F064 /* AndChatTests */ = {
			isa = PBXNativeTarget;
			buildConfigurationList = 4B4B73331FD441F50003F064 /* Build configuration list for PBXNativeTarget "AndChatTests" */;
			buildPhases = (
				DC7456F54930025A2E489650 /* [CP] Check Pods Manifest.lock */,
				4B4B73231FD441F50003F064 /* Sources */,
				4B4B73241FD441F50003F064 /* Frameworks */,
				4B4B73251FD441F50003F064 /* Resources */,
				FE4363D8BAD6726EC3001F6D /* [CP] Embed Pods Frameworks */,
				D109706895DEE4C39E3F3261 /* [CP] Copy Pods Resources */,
			);
			buildRules = (
			);
			dependencies = (
				4B4B73291FD441F50003F064 /* PBXTargetDependency */,
			);
			name = AndChatTests;
			productName = AndChatTests;
			productReference = 4B4B73271FD441F50003F064 /* AndChatTests.xctest */;
			productType = "com.apple.product-type.bundle.unit-test";
		};
/* End PBXNativeTarget section */

/* Begin PBXProject section */
		4B4B730B1FD441F50003F064 /* Project object */ = {
			isa = PBXProject;
			attributes = {
				LastSwiftUpdateCheck = 0910;
				LastUpgradeCheck = 0910;
				ORGANIZATIONNAME = Andi;
				TargetAttributes = {
					4B4B73121FD441F50003F064 = {
						CreatedOnToolsVersion = 9.1;
						ProvisioningStyle = Automatic;
					};
					4B4B73261FD441F50003F064 = {
						CreatedOnToolsVersion = 9.1;
						ProvisioningStyle = Automatic;
						TestTargetID = 4B4B73121FD441F50003F064;
					};
				};
			};
			buildConfigurationList = 4B4B730E1FD441F50003F064 /* Build configuration list for PBXProject "AndChat" */;
			compatibilityVersion = "Xcode 8.0";
			developmentRegion = en;
			hasScannedForEncodings = 0;
			knownRegions = (
				en,
				Base,
			);
			mainGroup = 4B4B730A1FD441F50003F064;
			productRefGroup = 4B4B73141FD441F50003F064 /* Products */;
			projectDirPath = "";
			projectRoot = "";
			targets = (
				4B4B73121FD441F50003F064 /* AndChat */,
				4B4B73261FD441F50003F064 /* AndChatTests */,
			);
		};
/* End PBXProject section */

/* Begin PBXResourcesBuildPhase section */
		4B4B73111FD441F50003F064 /* Resources */ = {
			isa = PBXResourcesBuildPhase;
			buildActionMask = 2147483647;
			files = (
				4B4B73211FD441F50003F064 /* LaunchScreen.storyboard in Resources */,
				4B4B73421FD4AFA10003F064 /* GoogleService-Info.plist in Resources */,
				4B4B731E1FD441F50003F064 /* Assets.xcassets in Resources */,
				4B4B731C1FD441F50003F064 /* Main.storyboard in Resources */,
			);
			runOnlyForDeploymentPostprocessing = 0;
		};
		4B4B73251FD441F50003F064 /* Resources */ = {
			isa = PBXResourcesBuildPhase;
			buildActionMask = 2147483647;
			files = (
			);
			runOnlyForDeploymentPostprocessing = 0;
		};
/* End PBXResourcesBuildPhase section */

/* Begin PBXShellScriptBuildPhase section */
		2F34EE925A8683D071824A1E /* [CP] Check Pods Manifest.lock */ = {
			isa = PBXShellScriptBuildPhase;
			buildActionMask = 2147483647;
			files = (
			);
			inputPaths = (
				"${PODS_PODFILE_DIR_PATH}/Podfile.lock",
				"${PODS_ROOT}/Manifest.lock",
			);
			name = "[CP] Check Pods Manifest.lock";
			outputPaths = (
				"$(DERIVED_FILE_DIR)/Pods-AndChat-checkManifestLockResult.txt",
			);
			runOnlyForDeploymentPostprocessing = 0;
			shellPath = /bin/sh;
			shellScript = "diff \"${PODS_PODFILE_DIR_PATH}/Podfile.lock\" \"${PODS_ROOT}/Manifest.lock\" > /dev/null\nif [ $? != 0 ] ; then\n    # print error to STDERR\n    echo \"error: The sandbox is not in sync with the Podfile.lock. Run 'pod install' or update your CocoaPods installation.\" >&2\n    exit 1\nfi\n# This output is used by Xcode 'outputs' to avoid re-running this script phase.\necho \"SUCCESS\" > \"${SCRIPT_OUTPUT_FILE_0}\"\n";
			showEnvVarsInLog = 0;
		};
		535689D3F0FA76EED8850103 /* [CP] Copy Pods Resources */ = {
			isa = PBXShellScriptBuildPhase;
			buildActionMask = 2147483647;
			files = (
			);
			inputPaths = (
			);
			name = "[CP] Copy Pods Resources";
			outputPaths = (
			);
			runOnlyForDeploymentPostprocessing = 0;
			shellPath = /bin/sh;
			shellScript = "\"${SRCROOT}/Pods/Target Support Files/Pods-AndChat/Pods-AndChat-resources.sh\"\n";
			showEnvVarsInLog = 0;
		};
		9B20856F0B6C0A3929EAAC53 /* [CP] Embed Pods Frameworks */ = {
			isa = PBXShellScriptBuildPhase;
			buildActionMask = 2147483647;
			files = (
			);
			inputPaths = (
				"${SRCROOT}/Pods/Target Support Files/Pods-AndChat/Pods-AndChat-frameworks.sh",
				"${BUILT_PRODUCTS_DIR}/GTMSessionFetcher/GTMSessionFetcher.framework",
				"${BUILT_PRODUCTS_DIR}/GoogleToolboxForMac/GoogleToolboxForMac.framework",
				"${BUILT_PRODUCTS_DIR}/leveldb-library/leveldb.framework",
				"${BUILT_PRODUCTS_DIR}/nanopb/nanopb.framework",
			);
			name = "[CP] Embed Pods Frameworks";
			outputPaths = (
				"${TARGET_BUILD_DIR}/${FRAMEWORKS_FOLDER_PATH}/GTMSessionFetcher.framework",
				"${TARGET_BUILD_DIR}/${FRAMEWORKS_FOLDER_PATH}/GoogleToolboxForMac.framework",
				"${TARGET_BUILD_DIR}/${FRAMEWORKS_FOLDER_PATH}/leveldb.framework",
				"${TARGET_BUILD_DIR}/${FRAMEWORKS_FOLDER_PATH}/nanopb.framework",
			);
			runOnlyForDeploymentPostprocessing = 0;
			shellPath = /bin/sh;
			shellScript = "\"${SRCROOT}/Pods/Target Support Files/Pods-AndChat/Pods-AndChat-frameworks.sh\"\n";
			showEnvVarsInLog = 0;
		};
		D109706895DEE4C39E3F3261 /* [CP] Copy Pods Resources */ = {
			isa = PBXShellScriptBuildPhase;
			buildActionMask = 2147483647;
			files = (
			);
			inputPaths = (
			);
			name = "[CP] Copy Pods Resources";
			outputPaths = (
			);
			runOnlyForDeploymentPostprocessing = 0;
			shellPath = /bin/sh;
			shellScript = "\"${SRCROOT}/Pods/Target Support Files/Pods-AndChatTests/Pods-AndChatTests-resources.sh\"\n";
			showEnvVarsInLog = 0;
		};
		DC7456F54930025A2E489650 /* [CP] Check Pods Manifest.lock */ = {
			isa = PBXShellScriptBuildPhase;
			buildActionMask = 2147483647;
			files = (
			);
			inputPaths = (
				"${PODS_PODFILE_DIR_PATH}/Podfile.lock",
				"${PODS_ROOT}/Manifest.lock",
			);
			name = "[CP] Check Pods Manifest.lock";
			outputPaths = (
				"$(DERIVED_FILE_DIR)/Pods-AndChatTests-checkManifestLockResult.txt",
			);
			runOnlyForDeploymentPostprocessing = 0;
			shellPath = /bin/sh;
			shellScript = "diff \"${PODS_PODFILE_DIR_PATH}/Podfile.lock\" \"${PODS_ROOT}/Manifest.lock\" > /dev/null\nif [ $? != 0 ] ; then\n    # print error to STDERR\n    echo \"error: The sandbox is not in sync with the Podfile.lock. Run 'pod install' or update your CocoaPods installation.\" >&2\n    exit 1\nfi\n# This output is used by Xcode 'outputs' to avoid re-running this script phase.\necho \"SUCCESS\" > \"${SCRIPT_OUTPUT_FILE_0}\"\n";
			showEnvVarsInLog = 0;
		};
		FE4363D8BAD6726EC3001F6D /* [CP] Embed Pods Frameworks */ = {
			isa = PBXShellScriptBuildPhase;
			buildActionMask = 2147483647;
			files = (
			);
			inputPaths = (
			);
			name = "[CP] Embed Pods Frameworks";
			outputPaths = (
			);
			runOnlyForDeploymentPostprocessing = 0;
			shellPath = /bin/sh;
			shellScript = "\"${SRCROOT}/Pods/Target Support Files/Pods-AndChatTests/Pods-AndChatTests-frameworks.sh\"\n";
			showEnvVarsInLog = 0;
		};
/* End PBXShellScriptBuildPhase section */

/* Begin PBXSourcesBuildPhase section */
		4B4B730F1FD441F50003F064 /* Sources */ = {
			isa = PBXSourcesBuildPhase;
			buildActionMask = 2147483647;
			files = (
				4B4B73191FD441F50003F064 /* CameraVC.swift in Sources */,
				4B831DEC1FDC8FDA0062269D /* UserCell.swift in Sources */,
				4B4B73391FD442380003F064 /* CameraViewController.swift in Sources */,
				4B4B73171FD441F50003F064 /* AppDelegate.swift in Sources */,
				4B06E7FE1FD8A07D00788612 /* RoundedButton.swift in Sources */,
				4B4B733D1FD44F240003F064 /* PhotoCaptureDelegate.swift in Sources */,
				4B831DEE1FDC99D20062269D /* User.swift in Sources */,
				4B831DE81FDC8A300062269D /* DataService.swift in Sources */,
				4B06E8001FD8A6DE00788612 /* LoginVC.swift in Sources */,
				4B4B73401FD45AE30003F064 /* CameraVCDelegate.swift in Sources */,
				4BDA322D1FDC332F007D8974 /* AuthService.swift in Sources */,
				4B4B73381FD442380003F064 /* PreviewView.swift in Sources */,
				4B06E7FC1FD5F85600788612 /* RoundTextField.swift in Sources */,
				4B831DEA1FDC8EEE0062269D /* UsersVC.swift in Sources */,
			);
			runOnlyForDeploymentPostprocessing = 0;
		};
		4B4B73231FD441F50003F064 /* Sources */ = {
			isa = PBXSourcesBuildPhase;
			buildActionMask = 2147483647;
			files = (
				4B4B732C1FD441F50003F064 /* AndChatTests.swift in Sources */,
			);
			runOnlyForDeploymentPostprocessing = 0;
		};
/* End PBXSourcesBuildPhase section */

/* Begin PBXTargetDependency section */
		4B4B73291FD441F50003F064 /* PBXTargetDependency */ = {
			isa = PBXTargetDependency;
			target = 4B4B73121FD441F50003F064 /* AndChat */;
			targetProxy = 4B4B73281FD441F50003F064 /* PBXContainerItemProxy */;
		};
/* End PBXTargetDependency section */

/* Begin PBXVariantGroup section */
		4B4B731A1FD441F50003F064 /* Main.storyboard */ = {
			isa = PBXVariantGroup;
			children = (
				4B4B731B1FD441F50003F064 /* Base */,
			);
			name = Main.storyboard;
			sourceTree = "<group>";
		};
		4B4B731F1FD441F50003F064 /* LaunchScreen.storyboard */ = {
			isa = PBXVariantGroup;
			children = (
				4B4B73201FD441F50003F064 /* Base */,
			);
			name = LaunchScreen.storyboard;
			sourceTree = "<group>";
		};
/* End PBXVariantGroup section */

/* Begin XCBuildConfiguration section */
		4B4B732E1FD441F50003F064 /* Debug */ = {
			isa = XCBuildConfiguration;
			buildSettings = {
				ALWAYS_SEARCH_USER_PATHS = NO;
				CLANG_ANALYZER_NONNULL = YES;
				CLANG_ANALYZER_NUMBER_OBJECT_CONVERSION = YES_AGGRESSIVE;
				CLANG_CXX_LANGUAGE_STANDARD = "gnu++14";
				CLANG_CXX_LIBRARY = "libc++";
				CLANG_ENABLE_MODULES = YES;
				CLANG_ENABLE_OBJC_ARC = YES;
				CLANG_WARN_BLOCK_CAPTURE_AUTORELEASING = YES;
				CLANG_WARN_BOOL_CONVERSION = YES;
				CLANG_WARN_COMMA = YES;
				CLANG_WARN_CONSTANT_CONVERSION = YES;
				CLANG_WARN_DIRECT_OBJC_ISA_USAGE = YES_ERROR;
				CLANG_WARN_DOCUMENTATION_COMMENTS = YES;
				CLANG_WARN_EMPTY_BODY = YES;
				CLANG_WARN_ENUM_CONVERSION = YES;
				CLANG_WARN_INFINITE_RECURSION = YES;
				CLANG_WARN_INT_CONVERSION = YES;
				CLANG_WARN_NON_LITERAL_NULL_CONVERSION = YES;
				CLANG_WARN_OBJC_LITERAL_CONVERSION = YES;
				CLANG_WARN_OBJC_ROOT_CLASS = YES_ERROR;
				CLANG_WARN_RANGE_LOOP_ANALYSIS = YES;
				CLANG_WARN_STRICT_PROTOTYPES = YES;
				CLANG_WARN_SUSPICIOUS_MOVE = YES;
				CLANG_WARN_UNGUARDED_AVAILABILITY = YES_AGGRESSIVE;
				CLANG_WARN_UNREACHABLE_CODE = YES;
				CLANG_WARN__DUPLICATE_METHOD_MATCH = YES;
				CODE_SIGN_IDENTITY = "iPhone Developer";
				COPY_PHASE_STRIP = NO;
				DEBUG_INFORMATION_FORMAT = dwarf;
				ENABLE_STRICT_OBJC_MSGSEND = YES;
				ENABLE_TESTABILITY = YES;
				GCC_C_LANGUAGE_STANDARD = gnu11;
				GCC_DYNAMIC_NO_PIC = NO;
				GCC_NO_COMMON_BLOCKS = YES;
				GCC_OPTIMIZATION_LEVEL = 0;
				GCC_PREPROCESSOR_DEFINITIONS = (
					"DEBUG=1",
					"$(inherited)",
				);
				GCC_WARN_64_TO_32_BIT_CONVERSION = YES;
				GCC_WARN_ABOUT_RETURN_TYPE = YES_ERROR;
				GCC_WARN_UNDECLARED_SELECTOR = YES;
				GCC_WARN_UNINITIALIZED_AUTOS = YES_AGGRESSIVE;
				GCC_WARN_UNUSED_FUNCTION = YES;
				GCC_WARN_UNUSED_VARIABLE = YES;
				IPHONEOS_DEPLOYMENT_TARGET = 11.1;
				MTL_ENABLE_DEBUG_INFO = YES;
				ONLY_ACTIVE_ARCH = YES;
				SDKROOT = iphoneos;
				SWIFT_ACTIVE_COMPILATION_CONDITIONS = DEBUG;
				SWIFT_OPTIMIZATION_LEVEL = "-Onone";
			};
			name = Debug;
		};
		4B4B732F1FD441F50003F064 /* Release */ = {
			isa = XCBuildConfiguration;
			buildSettings = {
				ALWAYS_SEARCH_USER_PATHS = NO;
				CLANG_ANALYZER_NONNULL = YES;
				CLANG_ANALYZER_NUMBER_OBJECT_CONVERSION = YES_AGGRESSIVE;
				CLANG_CXX_LANGUAGE_STANDARD = "gnu++14";
				CLANG_CXX_LIBRARY = "libc++";
				CLANG_ENABLE_MODULES = YES;
				CLANG_ENABLE_OBJC_ARC = YES;
				CLANG_WARN_BLOCK_CAPTURE_AUTORELEASING = YES;
				CLANG_WARN_BOOL_CONVERSION = YES;
				CLANG_WARN_COMMA = YES;
				CLANG_WARN_CONSTANT_CONVERSION = YES;
				CLANG_WARN_DIRECT_OBJC_ISA_USAGE = YES_ERROR;
				CLANG_WARN_DOCUMENTATION_COMMENTS = YES;
				CLANG_WARN_EMPTY_BODY = YES;
				CLANG_WARN_ENUM_CONVERSION = YES;
				CLANG_WARN_INFINITE_RECURSION = YES;
				CLANG_WARN_INT_CONVERSION = YES;
				CLANG_WARN_NON_LITERAL_NULL_CONVERSION = YES;
				CLANG_WARN_OBJC_LITERAL_CONVERSION = YES;
				CLANG_WARN_OBJC_ROOT_CLASS = YES_ERROR;
				CLANG_WARN_RANGE_LOOP_ANALYSIS = YES;
				CLANG_WARN_STRICT_PROTOTYPES = YES;
				CLANG_WARN_SUSPICIOUS_MOVE = YES;
				CLANG_WARN_UNGUARDED_AVAILABILITY = YES_AGGRESSIVE;
				CLANG_WARN_UNREACHABLE_CODE = YES;
				CLANG_WARN__DUPLICATE_METHOD_MATCH = YES;
				CODE_SIGN_IDENTITY = "iPhone Developer";
				COPY_PHASE_STRIP = NO;
				DEBUG_INFORMATION_FORMAT = "dwarf-with-dsym";
				ENABLE_NS_ASSERTIONS = NO;
				ENABLE_STRICT_OBJC_MSGSEND = YES;
				GCC_C_LANGUAGE_STANDARD = gnu11;
				GCC_NO_COMMON_BLOCKS = YES;
				GCC_WARN_64_TO_32_BIT_CONVERSION = YES;
				GCC_WARN_ABOUT_RETURN_TYPE = YES_ERROR;
				GCC_WARN_UNDECLARED_SELECTOR = YES;
				GCC_WARN_UNINITIALIZED_AUTOS = YES_AGGRESSIVE;
				GCC_WARN_UNUSED_FUNCTION = YES;
				GCC_WARN_UNUSED_VARIABLE = YES;
				IPHONEOS_DEPLOYMENT_TARGET = 11.1;
				MTL_ENABLE_DEBUG_INFO = NO;
				SDKROOT = iphoneos;
				SWIFT_OPTIMIZATION_LEVEL = "-Owholemodule";
				VALIDATE_PRODUCT = YES;
			};
			name = Release;
		};
		4B4B73311FD441F50003F064 /* Debug */ = {
			isa = XCBuildConfiguration;
			baseConfigurationReference = 694534C49AC770D27DEF3B48 /* Pods-AndChat.debug.xcconfig */;
			buildSettings = {
				ASSETCATALOG_COMPILER_APPICON_NAME = AppIcon;
				CODE_SIGN_STYLE = Automatic;
				DEVELOPMENT_TEAM = 6CGNK9ZT3P;
				INFOPLIST_FILE = AndChat/Info.plist;
				LD_RUNPATH_SEARCH_PATHS = "$(inherited) @executable_path/Frameworks";
				PRODUCT_BUNDLE_IDENTIFIER = com.AndreasRiexinger.AndChat;
				PRODUCT_NAME = "$(TARGET_NAME)";
				SWIFT_VERSION = 4.0;
				TARGETED_DEVICE_FAMILY = "1,2";
			};
			name = Debug;
		};
		4B4B73321FD441F50003F064 /* Release */ = {
			isa = XCBuildConfiguration;
			baseConfigurationReference = D8AF242C4CCE5A8F0D95AEFA /* Pods-AndChat.release.xcconfig */;
			buildSettings = {
				ASSETCATALOG_COMPILER_APPICON_NAME = AppIcon;
				CODE_SIGN_STYLE = Automatic;
				DEVELOPMENT_TEAM = 6CGNK9ZT3P;
				INFOPLIST_FILE = AndChat/Info.plist;
				LD_RUNPATH_SEARCH_PATHS = "$(inherited) @executable_path/Frameworks";
				PRODUCT_BUNDLE_IDENTIFIER = com.AndreasRiexinger.AndChat;
				PRODUCT_NAME = "$(TARGET_NAME)";
				SWIFT_VERSION = 4.0;
				TARGETED_DEVICE_FAMILY = "1,2";
			};
			name = Release;
		};
		4B4B73341FD441F50003F064 /* Debug */ = {
			isa = XCBuildConfiguration;
			baseConfigurationReference = 508C81E9423FBF67F6D70B8E /* Pods-AndChatTests.debug.xcconfig */;
			buildSettings = {
				ALWAYS_EMBED_SWIFT_STANDARD_LIBRARIES = YES;
				BUNDLE_LOADER = "$(TEST_HOST)";
				CODE_SIGN_STYLE = Automatic;
				INFOPLIST_FILE = AndChatTests/Info.plist;
				LD_RUNPATH_SEARCH_PATHS = "$(inherited) @executable_path/Frameworks @loader_path/Frameworks";
				PRODUCT_BUNDLE_IDENTIFIER = com.AndreasRiexinger.AndChatTests;
				PRODUCT_NAME = "$(TARGET_NAME)";
				SWIFT_VERSION = 4.0;
				TARGETED_DEVICE_FAMILY = "1,2";
				TEST_HOST = "$(BUILT_PRODUCTS_DIR)/AndChat.app/AndChat";
			};
			name = Debug;
		};
		4B4B73351FD441F50003F064 /* Release */ = {
			isa = XCBuildConfiguration;
			baseConfigurationReference = 1A9DB9D304DB8A709E9DC9B1 /* Pods-AndChatTests.release.xcconfig */;
			buildSettings = {
				ALWAYS_EMBED_SWIFT_STANDARD_LIBRARIES = YES;
				BUNDLE_LOADER = "$(TEST_HOST)";
				CODE_SIGN_STYLE = Automatic;
				INFOPLIST_FILE = AndChatTests/Info.plist;
				LD_RUNPATH_SEARCH_PATHS = "$(inherited) @executable_path/Frameworks @loader_path/Frameworks";
				PRODUCT_BUNDLE_IDENTIFIER = com.AndreasRiexinger.AndChatTests;
				PRODUCT_NAME = "$(TARGET_NAME)";
				SWIFT_VERSION = 4.0;
				TARGETED_DEVICE_FAMILY = "1,2";
				TEST_HOST = "$(BUILT_PRODUCTS_DIR)/AndChat.app/AndChat";
			};
			name = Release;
		};
/* End XCBuildConfiguration section */

/* Begin XCConfigurationList section */
		4B4B730E1FD441F50003F064 /* Build configuration list for PBXProject "AndChat" */ = {
			isa = XCConfigurationList;
			buildConfigurations = (
				4B4B732E1FD441F50003F064 /* Debug */,
				4B4B732F1FD441F50003F064 /* Release */,
			);
			defaultConfigurationIsVisible = 0;
			defaultConfigurationName = Release;
		};
		4B4B73301FD441F50003F064 /* Build configuration list for PBXNativeTarget "AndChat" */ = {
			isa = XCConfigurationList;
			buildConfigurations = (
				4B4B73311FD441F50003F064 /* Debug */,
				4B4B73321FD441F50003F064 /* Release */,
			);
			defaultConfigurationIsVisible = 0;
			defaultConfigurationName = Release;
		};
		4B4B73331FD441F50003F064 /* Build configuration list for PBXNativeTarget "AndChatTests" */ = {
			isa = XCConfigurationList;
			buildConfigurations = (
				4B4B73341FD441F50003F064 /* Debug */,
				4B4B73351FD441F50003F064 /* Release */,
			);
			defaultConfigurationIsVisible = 0;
			defaultConfigurationName = Release;
		};
/* End XCConfigurationList section */
	};
	rootObject = 4B4B730B1FD441F50003F064 /* Project object */;
}
